
Microsoft Visual Studio Solution File, Format Version 12.00
# Visual Studio Version 17
VisualStudioVersion = 17.4.33122.133
MinimumVisualStudioVersion = 10.0.40219.1
Project("{FAE04EC0-301F-11D3-BF4B-00C04F79EFBC}") = "Day3", "Day3.csproj", "{2A4556DA-AEA9-4F66-90A9-0472DF9DD868}"
EndProject
Global
	GlobalSection(SolutionConfigurationPlatforms) = preSolution
		Debug|Any CPU = Debug|Any CPU
		Release|Any CPU = Release|Any CPU
	EndGlobalSection
	GlobalSection(ProjectConfigurationPlatforms) = postSolution
		{2A4556DA-AEA9-4F66-90A9-0472DF9DD868}.Debug|Any CPU.ActiveCfg = Debug|Any CPU
		{2A4556DA-AEA9-4F66-90A9-0472DF9DD868}.Debug|Any CPU.Build.0 = Debug|Any CPU
		{2A4556DA-AEA9-4F66-90A9-0472DF9DD868}.Release|Any CPU.ActiveCfg = Release|Any CPU
		{2A4556DA-AEA9-4F66-90A9-0472DF9DD868}.Release|Any CPU.Build.0 = Release|Any CPU
	EndGlobalSection
	GlobalSection(SolutionProperties) = preSolution
		HideSolutionNode = FALSE
	EndGlobalSection
	GlobalSection(ExtensibilityGlobals) = postSolution
		SolutionGuid = {80687B38-FD70-4156-828A-6B521E43E783}
	EndGlobalSection
EndGlobal
