
Microsoft Visual Studio Solution File, Format Version 12.00
# Visual Studio Version 17
VisualStudioVersion = 17.4.33122.133
MinimumVisualStudioVersion = 10.0.40219.1
Project("{FAE04EC0-301F-11D3-BF4B-00C04F79EFBC}") = "Day1", "Day1.csproj", "{4E49D6D3-8E3D-497A-931B-DF5279047218}"
EndProject
Global
	GlobalSection(SolutionConfigurationPlatforms) = preSolution
		Debug|Any CPU = Debug|Any CPU
		Release|Any CPU = Release|Any CPU
	EndGlobalSection
	GlobalSection(ProjectConfigurationPlatforms) = postSolution
		{4E49D6D3-8E3D-497A-931B-DF5279047218}.Debug|Any CPU.ActiveCfg = Debug|Any CPU
		{4E49D6D3-8E3D-497A-931B-DF5279047218}.Debug|Any CPU.Build.0 = Debug|Any CPU
		{4E49D6D3-8E3D-497A-931B-DF5279047218}.Release|Any CPU.ActiveCfg = Release|Any CPU
		{4E49D6D3-8E3D-497A-931B-DF5279047218}.Release|Any CPU.Build.0 = Release|Any CPU
	EndGlobalSection
	GlobalSection(SolutionProperties) = preSolution
		HideSolutionNode = FALSE
	EndGlobalSection
	GlobalSection(ExtensibilityGlobals) = postSolution
		SolutionGuid = {5F1023AF-5EF4-4FF4-B9B1-C901953AAB5E}
	EndGlobalSection
EndGlobal
