
Microsoft Visual Studio Solution File, Format Version 12.00
# Visual Studio Version 17
VisualStudioVersion = 17.4.33122.133
MinimumVisualStudioVersion = 10.0.40219.1
Project("{FAE04EC0-301F-11D3-BF4B-00C04F79EFBC}") = "Day7", "Day7.csproj", "{140CAAB3-4E7D-4485-9D62-2CC4DE1090AD}"
EndProject
Global
	GlobalSection(SolutionConfigurationPlatforms) = preSolution
		Debug|Any CPU = Debug|Any CPU
		Release|Any CPU = Release|Any CPU
	EndGlobalSection
	GlobalSection(ProjectConfigurationPlatforms) = postSolution
		{140CAAB3-4E7D-4485-9D62-2CC4DE1090AD}.Debug|Any CPU.ActiveCfg = Debug|Any CPU
		{140CAAB3-4E7D-4485-9D62-2CC4DE1090AD}.Debug|Any CPU.Build.0 = Debug|Any CPU
		{140CAAB3-4E7D-4485-9D62-2CC4DE1090AD}.Release|Any CPU.ActiveCfg = Release|Any CPU
		{140CAAB3-4E7D-4485-9D62-2CC4DE1090AD}.Release|Any CPU.Build.0 = Release|Any CPU
	EndGlobalSection
	GlobalSection(SolutionProperties) = preSolution
		HideSolutionNode = FALSE
	EndGlobalSection
	GlobalSection(ExtensibilityGlobals) = postSolution
		SolutionGuid = {BC727D37-AA7D-4999-A296-16F3E1E370A3}
	EndGlobalSection
EndGlobal
